
Microsoft Visual Studio Solution File, Format Version 12.00
# Visual Studio Version 17
VisualStudioVersion = 17.2.32505.173
MinimumVisualStudioVersion = 10.0.40219.1
Project("{FAE04EC0-301F-11D3-BF4B-00C04F79EFBC}") = "Listas", "Listas\Listas.csproj", "{2B73B69B-8F8D-47E1-9090-AF87ACB2F07D}"
EndProject
Global
	GlobalSection(SolutionConfigurationPlatforms) = preSolution
		Debug|Any CPU = Debug|Any CPU
		Release|Any CPU = Release|Any CPU
	EndGlobalSection
	GlobalSection(ProjectConfigurationPlatforms) = postSolution
		{2B73B69B-8F8D-47E1-9090-AF87ACB2F07D}.Debug|Any CPU.ActiveCfg = Debug|Any CPU
		{2B73B69B-8F8D-47E1-9090-AF87ACB2F07D}.Debug|Any CPU.Build.0 = Debug|Any CPU
		{2B73B69B-8F8D-47E1-9090-AF87ACB2F07D}.Release|Any CPU.ActiveCfg = Release|Any CPU
		{2B73B69B-8F8D-47E1-9090-AF87ACB2F07D}.Release|Any CPU.Build.0 = Release|Any CPU
	EndGlobalSection
	GlobalSection(SolutionProperties) = preSolution
		HideSolutionNode = FALSE
	EndGlobalSection
	GlobalSection(ExtensibilityGlobals) = postSolution
		SolutionGuid = {90E25BB5-8829-41B4-B6CB-937B79DB6455}
	EndGlobalSection
EndGlobal
