
Microsoft Visual Studio Solution File, Format Version 12.00
# Visual Studio Version 17
VisualStudioVersion = 17.2.32505.173
MinimumVisualStudioVersion = 10.0.40219.1
Project("{FAE04EC0-301F-11D3-BF4B-00C04F79EFBC}") = "TratandoExcessões", "TratandoExcessões\TratandoExcessões.csproj", "{B4C07228-0FF3-43B3-B37C-2A508B608FC8}"
EndProject
Global
	GlobalSection(SolutionConfigurationPlatforms) = preSolution
		Debug|Any CPU = Debug|Any CPU
		Release|Any CPU = Release|Any CPU
	EndGlobalSection
	GlobalSection(ProjectConfigurationPlatforms) = postSolution
		{B4C07228-0FF3-43B3-B37C-2A508B608FC8}.Debug|Any CPU.ActiveCfg = Debug|Any CPU
		{B4C07228-0FF3-43B3-B37C-2A508B608FC8}.Debug|Any CPU.Build.0 = Debug|Any CPU
		{B4C07228-0FF3-43B3-B37C-2A508B608FC8}.Release|Any CPU.ActiveCfg = Release|Any CPU
		{B4C07228-0FF3-43B3-B37C-2A508B608FC8}.Release|Any CPU.Build.0 = Release|Any CPU
	EndGlobalSection
	GlobalSection(SolutionProperties) = preSolution
		HideSolutionNode = FALSE
	EndGlobalSection
	GlobalSection(ExtensibilityGlobals) = postSolution
		SolutionGuid = {4AD36A6D-DDE4-450C-8950-8F7EE310267E}
	EndGlobalSection
EndGlobal
